// !$*UTF8*$!
{
	archiveVersion = 1;
	classes = {
	};
	objectVersion = 46;
	objects = {

/* Begin PBXBuildFile section */
		35E1DFF71E6D3B90006C98F4 /* AppDelegate.m in Sources */ = {isa = PBXBuildFile; fileRef = 35E1DFF61E6D3B90006C98F4 /* AppDelegate.m */; };
		35E1DFFA1E6D3B90006C98F4 /* main.m in Sources */ = {isa = PBXBuildFile; fileRef = 35E1DFF91E6D3B90006C98F4 /* main.m */; };
		35E1DFFD1E6D3B90006C98F4 /* ViewController.m in Sources */ = {isa = PBXBuildFile; fileRef = 35E1DFFC1E6D3B90006C98F4 /* ViewController.m */; };
		35E1DFFF1E6D3B90006C98F4 /* Assets.xcassets in Resources */ = {isa = PBXBuildFile; fileRef = 35E1DFFE1E6D3B90006C98F4 /* Assets.xcassets */; };
		35E1E0021E6D3B90006C98F4 /* Main.storyboard in Resources */ = {isa = PBXBuildFile; fileRef = 35E1E0001E6D3B90006C98F4 /* Main.storyboard */; };
		35E1E0151E6D3C52006C98F4 /* PPCounterConst.m in Sources */ = {isa = PBXBuildFile; fileRef = 35E1E00C1E6D3C52006C98F4 /* PPCounterConst.m */; };
		35E1E0161E6D3C52006C98F4 /* PPCounterEngine.m in Sources */ = {isa = PBXBuildFile; fileRef = 35E1E00E1E6D3C52006C98F4 /* PPCounterEngine.m */; };
/* End PBXBuildFile section */

/* Begin PBXFileReference section */
		35E1DFF21E6D3B90006C98F4 /* PPCounter OSX Demo.app */ = {isa = PBXFileReference; explicitFileType = wrapper.application; includeInIndex = 0; path = "PPCounter OSX Demo.app"; sourceTree = BUILT_PRODUCTS_DIR; };
		35E1DFF51E6D3B90006C98F4 /* AppDelegate.h */ = {isa = PBXFileReference; lastKnownFileType = sourcecode.c.h; path = AppDelegate.h; sourceTree = "<group>"; };
		35E1DFF61E6D3B90006C98F4 /* AppDelegate.m */ = {isa = PBXFileReference; lastKnownFileType = sourcecode.c.objc; path = AppDelegate.m; sourceTree = "<group>"; };
		35E1DFF91E6D3B90006C98F4 /* main.m */ = {isa = PBXFileReference; lastKnownFileType = sourcecode.c.objc; path = main.m; sourceTree = "<group>"; };
		35E1DFFB1E6D3B90006C98F4 /* ViewController.h */ = {isa = PBXFileReference; lastKnownFileType = sourcecode.c.h; path = ViewController.h; sourceTree = "<group>"; };
		35E1DFFC1E6D3B90006C98F4 /* ViewController.m */ = {isa = PBXFileReference; lastKnownFileType = sourcecode.c.objc; path = ViewController.m; sourceTree = "<group>"; };
		35E1DFFE1E6D3B90006C98F4 /* Assets.xcassets */ = {isa = PBXFileReference; lastKnownFileType = folder.assetcatalog; path = Assets.xcassets; sourceTree = "<group>"; };
		35E1E0011E6D3B90006C98F4 /* Base */ = {isa = PBXFileReference; lastKnownFileType = file.storyboard; name = Base; path = Base.lproj/Main.storyboard; sourceTree = "<group>"; };
		35E1E0031E6D3B90006C98F4 /* Info.plist */ = {isa = PBXFileReference; lastKnownFileType = text.plist.xml; path = Info.plist; sourceTree = "<group>"; };
		35E1E00B1E6D3C52006C98F4 /* PPCounterConst.h */ = {isa = PBXFileReference; fileEncoding = 4; lastKnownFileType = sourcecode.c.h; path = PPCounterConst.h; sourceTree = "<group>"; };
		35E1E00C1E6D3C52006C98F4 /* PPCounterConst.m */ = {isa = PBXFileReference; fileEncoding = 4; lastKnownFileType = sourcecode.c.objc; path = PPCounterConst.m; sourceTree = "<group>"; };
		35E1E00D1E6D3C52006C98F4 /* PPCounterEngine.h */ = {isa = PBXFileReference; fileEncoding = 4; lastKnownFileType = sourcecode.c.h; path = PPCounterEngine.h; sourceTree = "<group>"; };
		35E1E00E1E6D3C52006C98F4 /* PPCounterEngine.m */ = {isa = PBXFileReference; fileEncoding = 4; lastKnownFileType = sourcecode.c.objc; path = PPCounterEngine.m; sourceTree = "<group>"; };
		35E1E00F1E6D3C52006C98F4 /* PPCounter.h */ = {isa = PBXFileReference; fileEncoding = 4; lastKnownFileType = sourcecode.c.h; path = PPCounter.h; sourceTree = "<group>"; };
/* End PBXFileReference section */

/* Begin PBXFrameworksBuildPhase section */
		35E1DFEF1E6D3B90006C98F4 /* Frameworks */ = {
			isa = PBXFrameworksBuildPhase;
			buildActionMask = 2147483647;
			files = (
			);
			runOnlyForDeploymentPostprocessing = 0;
		};
/* End PBXFrameworksBuildPhase section */

/* Begin PBXGroup section */
		35E1DFE91E6D3B90006C98F4 = {
			isa = PBXGroup;
			children = (
				35E1DFF41E6D3B90006C98F4 /* PPCounter OSX Demo */,
				35E1DFF31E6D3B90006C98F4 /* Products */,
			);
			sourceTree = "<group>";
		};
		35E1DFF31E6D3B90006C98F4 /* Products */ = {
			isa = PBXGroup;
			children = (
				35E1DFF21E6D3B90006C98F4 /* PPCounter OSX Demo.app */,
			);
			name = Products;
			sourceTree = "<group>";
		};
		35E1DFF41E6D3B90006C98F4 /* PPCounter OSX Demo */ = {
			isa = PBXGroup;
			children = (
				35E1E0091E6D3C52006C98F4 /* PPCounter */,
				35E1DFF51E6D3B90006C98F4 /* AppDelegate.h */,
				35E1DFF61E6D3B90006C98F4 /* AppDelegate.m */,
				35E1DFFB1E6D3B90006C98F4 /* ViewController.h */,
				35E1DFFC1E6D3B90006C98F4 /* ViewController.m */,
				35E1DFFE1E6D3B90006C98F4 /* Assets.xcassets */,
				35E1E0001E6D3B90006C98F4 /* Main.storyboard */,
				35E1E0031E6D3B90006C98F4 /* Info.plist */,
				35E1DFF81E6D3B90006C98F4 /* Supporting Files */,
			);
			path = "PPCounter OSX Demo";
			sourceTree = "<group>";
		};
		35E1DFF81E6D3B90006C98F4 /* Supporting Files */ = {
			isa = PBXGroup;
			children = (
				35E1DFF91E6D3B90006C98F4 /* main.m */,
			);
			name = "Supporting Files";
			sourceTree = "<group>";
		};
		35E1E0091E6D3C52006C98F4 /* PPCounter */ = {
			isa = PBXGroup;
			children = (
				35E1E00F1E6D3C52006C98F4 /* PPCounter.h */,
				35E1E00A1E6D3C52006C98F4 /* Core */,
			);
			name = PPCounter;
			path = ../../PPCounter/PPCounter;
			sourceTree = "<group>";
		};
		35E1E00A1E6D3C52006C98F4 /* Core */ = {
			isa = PBXGroup;
			children = (
				35E1E00B1E6D3C52006C98F4 /* PPCounterConst.h */,
				35E1E00C1E6D3C52006C98F4 /* PPCounterConst.m */,
				35E1E00D1E6D3C52006C98F4 /* PPCounterEngine.h */,
				35E1E00E1E6D3C52006C98F4 /* PPCounterEngine.m */,
			);
			path = Core;
			sourceTree = "<group>";
		};
/* End PBXGroup section */

/* Begin PBXNativeTarget section */
		35E1DFF11E6D3B90006C98F4 /* PPCounter OSX Demo */ = {
			isa = PBXNativeTarget;
			buildConfigurationList = 35E1E0061E6D3B90006C98F4 /* Build configuration list for PBXNativeTarget "PPCounter OSX Demo" */;
			buildPhases = (
				35E1DFEE1E6D3B90006C98F4 /* Sources */,
				35E1DFEF1E6D3B90006C98F4 /* Frameworks */,
				35E1DFF01E6D3B90006C98F4 /* Resources */,
			);
			buildRules = (
			);
			dependencies = (
			);
			name = "PPCounter OSX Demo";
			productName = "PPCounter OSX Demo";
			productReference = 35E1DFF21E6D3B90006C98F4 /* PPCounter OSX Demo.app */;
			productType = "com.apple.product-type.application";
		};
/* End PBXNativeTarget section */

/* Begin PBXProject section */
		35E1DFEA1E6D3B90006C98F4 /* Project object */ = {
			isa = PBXProject;
			attributes = {
				LastUpgradeCheck = 0820;
				ORGANIZATIONNAME = dsyc;
				TargetAttributes = {
					35E1DFF11E6D3B90006C98F4 = {
						CreatedOnToolsVersion = 8.2.1;
						ProvisioningStyle = Automatic;
					};
				};
			};
			buildConfigurationList = 35E1DFED1E6D3B90006C98F4 /* Build configuration list for PBXProject "PPCounter OSX Demo" */;
			compatibilityVersion = "Xcode 3.2";
			developmentRegion = English;
			hasScannedForEncodings = 0;
			knownRegions = (
				en,
				Base,
			);
			mainGroup = 35E1DFE91E6D3B90006C98F4;
			productRefGroup = 35E1DFF31E6D3B90006C98F4 /* Products */;
			projectDirPath = "";
			projectRoot = "";
			targets = (
				35E1DFF11E6D3B90006C98F4 /* PPCounter OSX Demo */,
			);
		};
/* End PBXProject section */

/* Begin PBXResourcesBuildPhase section */
		35E1DFF01E6D3B90006C98F4 /* Resources */ = {
			isa = PBXResourcesBuildPhase;
			buildActionMask = 2147483647;
			files = (
				35E1DFFF1E6D3B90006C98F4 /* Assets.xcassets in Resources */,
				35E1E0021E6D3B90006C98F4 /* Main.storyboard in Resources */,
			);
			runOnlyForDeploymentPostprocessing = 0;
		};
/* End PBXResourcesBuildPhase section */

/* Begin PBXSourcesBuildPhase section */
		35E1DFEE1E6D3B90006C98F4 /* Sources */ = {
			isa = PBXSourcesBuildPhase;
			buildActionMask = 2147483647;
			files = (
				35E1DFFD1E6D3B90006C98F4 /* ViewController.m in Sources */,
				35E1DFFA1E6D3B90006C98F4 /* main.m in Sources */,
				35E1E0151E6D3C52006C98F4 /* PPCounterConst.m in Sources */,
				35E1E0161E6D3C52006C98F4 /* PPCounterEngine.m in Sources */,
				35E1DFF71E6D3B90006C98F4 /* AppDelegate.m in Sources */,
			);
			runOnlyForDeploymentPostprocessing = 0;
		};
/* End PBXSourcesBuildPhase section */

/* Begin PBXVariantGroup section */
		35E1E0001E6D3B90006C98F4 /* Main.storyboard */ = {
			isa = PBXVariantGroup;
			children = (
				35E1E0011E6D3B90006C98F4 /* Base */,
			);
			name = Main.storyboard;
			sourceTree = "<group>";
		};
/* End PBXVariantGroup section */

/* Begin XCBuildConfiguration section */
		35E1E0041E6D3B90006C98F4 /* Debug */ = {
			isa = XCBuildConfiguration;
			buildSettings = {
				ALWAYS_SEARCH_USER_PATHS = NO;
				CLANG_ANALYZER_NONNULL = YES;
				CLANG_CXX_LANGUAGE_STANDARD = "gnu++0x";
				CLANG_CXX_LIBRARY = "libc++";
				CLANG_ENABLE_MODULES = YES;
				CLANG_ENABLE_OBJC_ARC = YES;
				CLANG_WARN_BOOL_CONVERSION = YES;
				CLANG_WARN_CONSTANT_CONVERSION = YES;
				CLANG_WARN_DIRECT_OBJC_ISA_USAGE = YES_ERROR;
				CLANG_WARN_DOCUMENTATION_COMMENTS = YES;
				CLANG_WARN_EMPTY_BODY = YES;
				CLANG_WARN_ENUM_CONVERSION = YES;
				CLANG_WARN_INFINITE_RECURSION = YES;
				CLANG_WARN_INT_CONVERSION = YES;
				CLANG_WARN_OBJC_ROOT_CLASS = YES_ERROR;
				CLANG_WARN_SUSPICIOUS_MOVE = YES;
				CLANG_WARN_UNREACHABLE_CODE = YES;
				CLANG_WARN__DUPLICATE_METHOD_MATCH = YES;
				CODE_SIGN_IDENTITY = "-";
				COPY_PHASE_STRIP = NO;
				DEBUG_INFORMATION_FORMAT = dwarf;
				ENABLE_STRICT_OBJC_MSGSEND = YES;
				ENABLE_TESTABILITY = YES;
				GCC_C_LANGUAGE_STANDARD = gnu99;
				GCC_DYNAMIC_NO_PIC = NO;
				GCC_NO_COMMON_BLOCKS = YES;
				GCC_OPTIMIZATION_LEVEL = 0;
				GCC_PREPROCESSOR_DEFINITIONS = (
					"DEBUG=1",
					"$(inherited)",
				);
				GCC_WARN_64_TO_32_BIT_CONVERSION = YES;
				GCC_WARN_ABOUT_RETURN_TYPE = YES_ERROR;
				GCC_WARN_UNDECLARED_SELECTOR = YES;
				GCC_WARN_UNINITIALIZED_AUTOS = YES_AGGRESSIVE;
				GCC_WARN_UNUSED_FUNCTION = YES;
				GCC_WARN_UNUSED_VARIABLE = YES;
				MACOSX_DEPLOYMENT_TARGET = 10.11;
				MTL_ENABLE_DEBUG_INFO = YES;
				ONLY_ACTIVE_ARCH = YES;
				SDKROOT = macosx;
			};
			name = Debug;
		};
		35E1E0051E6D3B90006C98F4 /* Release */ = {
			isa = XCBuildConfiguration;
			buildSettings = {
				ALWAYS_SEARCH_USER_PATHS = NO;
				CLANG_ANALYZER_NONNULL = YES;
				CLANG_CXX_LANGUAGE_STANDARD = "gnu++0x";
				CLANG_CXX_LIBRARY = "libc++";
				CLANG_ENABLE_MODULES = YES;
				CLANG_ENABLE_OBJC_ARC = YES;
				CLANG_WARN_BOOL_CONVERSION = YES;
				CLANG_WARN_CONSTANT_CONVERSION = YES;
				CLANG_WARN_DIRECT_OBJC_ISA_USAGE = YES_ERROR;
				CLANG_WARN_DOCUMENTATION_COMMENTS = YES;
				CLANG_WARN_EMPTY_BODY = YES;
				CLANG_WARN_ENUM_CONVERSION = YES;
				CLANG_WARN_INFINITE_RECURSION = YES;
				CLANG_WARN_INT_CONVERSION = YES;
				CLANG_WARN_OBJC_ROOT_CLASS = YES_ERROR;
				CLANG_WARN_SUSPICIOUS_MOVE = YES;
				CLANG_WARN_UNREACHABLE_CODE = YES;
				CLANG_WARN__DUPLICATE_METHOD_MATCH = YES;
				CODE_SIGN_IDENTITY = "-";
				COPY_PHASE_STRIP = NO;
				DEBUG_INFORMATION_FORMAT = "dwarf-with-dsym";
				ENABLE_NS_ASSERTIONS = NO;
				ENABLE_STRICT_OBJC_MSGSEND = YES;
				GCC_C_LANGUAGE_STANDARD = gnu99;
				GCC_NO_COMMON_BLOCKS = YES;
				GCC_WARN_64_TO_32_BIT_CONVERSION = YES;
				GCC_WARN_ABOUT_RETURN_TYPE = YES_ERROR;
				GCC_WARN_UNDECLARED_SELECTOR = YES;
				GCC_WARN_UNINITIALIZED_AUTOS = YES_AGGRESSIVE;
				GCC_WARN_UNUSED_FUNCTION = YES;
				GCC_WARN_UNUSED_VARIABLE = YES;
				MACOSX_DEPLOYMENT_TARGET = 10.11;
				MTL_ENABLE_DEBUG_INFO = NO;
				SDKROOT = macosx;
			};
			name = Release;
		};
		35E1E0071E6D3B90006C98F4 /* Debug */ = {
			isa = XCBuildConfiguration;
			buildSettings = {
				ASSETCATALOG_COMPILER_APPICON_NAME = AppIcon;
				COMBINE_HIDPI_IMAGES = YES;
				INFOPLIST_FILE = "PPCounter OSX Demo/Info.plist";
				LD_RUNPATH_SEARCH_PATHS = "$(inherited) @executable_path/../Frameworks";
				PRODUCT_BUNDLE_IDENTIFIER = "dsyc.com.PPCounter-OSX-Demo";
				PRODUCT_NAME = "$(TARGET_NAME)";
			};
			name = Debug;
		};
		35E1E0081E6D3B90006C98F4 /* Release */ = {
			isa = XCBuildConfiguration;
			buildSettings = {
				ASSETCATALOG_COMPILER_APPICON_NAME = AppIcon;
				COMBINE_HIDPI_IMAGES = YES;
				INFOPLIST_FILE = "PPCounter OSX Demo/Info.plist";
				LD_RUNPATH_SEARCH_PATHS = "$(inherited) @executable_path/../Frameworks";
				PRODUCT_BUNDLE_IDENTIFIER = "dsyc.com.PPCounter-OSX-Demo";
				PRODUCT_NAME = "$(TARGET_NAME)";
			};
			name = Release;
		};
/* End XCBuildConfiguration section */

/* Begin XCConfigurationList section */
		35E1DFED1E6D3B90006C98F4 /* Build configuration list for PBXProject "PPCounter OSX Demo" */ = {
			isa = XCConfigurationList;
			buildConfigurations = (
				35E1E0041E6D3B90006C98F4 /* Debug */,
				35E1E0051E6D3B90006C98F4 /* Release */,
			);
			defaultConfigurationIsVisible = 0;
			defaultConfigurationName = Release;
		};
		35E1E0061E6D3B90006C98F4 /* Build configuration list for PBXNativeTarget "PPCounter OSX Demo" */ = {
			isa = XCConfigurationList;
			buildConfigurations = (
				35E1E0071E6D3B90006C98F4 /* Debug */,
				35E1E0081E6D3B90006C98F4 /* Release */,
			);
			defaultConfigurationIsVisible = 0;
			defaultConfigurationName = Release;
		};
/* End XCConfigurationList section */
	};
	rootObject = 35E1DFEA1E6D3B90006C98F4 /* Project object */;
}
